// !$*UTF8*$!
{
	archiveVersion = 1;
	classes = {
	};
	objectVersion = 50;
	objects = {

/* Begin PBXBuildFile section */
		12C3F11B6D95083E8DFF827B /* Pods_SaveMoney.framework in Frameworks */ = {isa = PBXBuildFile; fileRef = 533888948059A73077F8B8C7 /* Pods_SaveMoney.framework */; };
		443C4A37226F634000E825D3 /* AppDelegate.swift in Sources */ = {isa = PBXBuildFile; fileRef = 443C4A36226F634000E825D3 /* AppDelegate.swift */; };
		443C4A39226F634000E825D3 /* ExpenditureViewController.swift in Sources */ = {isa = PBXBuildFile; fileRef = 443C4A38226F634000E825D3 /* ExpenditureViewController.swift */; };
		443C4A3C226F634000E825D3 /* Main.storyboard in Resources */ = {isa = PBXBuildFile; fileRef = 443C4A3A226F634000E825D3 /* Main.storyboard */; };
		443C4A3E226F634200E825D3 /* Assets.xcassets in Resources */ = {isa = PBXBuildFile; fileRef = 443C4A3D226F634200E825D3 /* Assets.xcassets */; };
		443C4A41226F634200E825D3 /* LaunchScreen.storyboard in Resources */ = {isa = PBXBuildFile; fileRef = 443C4A3F226F634200E825D3 /* LaunchScreen.storyboard */; };
		443C4A50226F644500E825D3 /* AddExpenditureViewController.swift in Sources */ = {isa = PBXBuildFile; fileRef = 443C4A4F226F644500E825D3 /* AddExpenditureViewController.swift */; };
		443C4A52226F645700E825D3 /* IncomeViewController.swift in Sources */ = {isa = PBXBuildFile; fileRef = 443C4A51226F645700E825D3 /* IncomeViewController.swift */; };
		443C4A54226F646700E825D3 /* AddIncomeViewController.swift in Sources */ = {isa = PBXBuildFile; fileRef = 443C4A53226F646700E825D3 /* AddIncomeViewController.swift */; };
		443C4A56226F648400E825D3 /* StatisticsViewController.swift in Sources */ = {isa = PBXBuildFile; fileRef = 443C4A55226F648400E825D3 /* StatisticsViewController.swift */; };
		443C4A58226F649100E825D3 /* Expenditure.swift in Sources */ = {isa = PBXBuildFile; fileRef = 443C4A57226F649100E825D3 /* Expenditure.swift */; };
		443C4A5A22700A2F00E825D3 /* EditExpenditureViewController.swift in Sources */ = {isa = PBXBuildFile; fileRef = 443C4A5922700A2F00E825D3 /* EditExpenditureViewController.swift */; };
		447D67E32272B01A00DBCBB9 /* Income.swift in Sources */ = {isa = PBXBuildFile; fileRef = 447D67E22272B01A00DBCBB9 /* Income.swift */; };
		447D67E52272B04600DBCBB9 /* EditIncomeViewController.swift in Sources */ = {isa = PBXBuildFile; fileRef = 447D67E42272B04600DBCBB9 /* EditIncomeViewController.swift */; };
/* End PBXBuildFile section */

/* Begin PBXFileReference section */
		00F0143109C199A26CD3033F /* Pods-SaveMoney.release.xcconfig */ = {isa = PBXFileReference; includeInIndex = 1; lastKnownFileType = text.xcconfig; name = "Pods-SaveMoney.release.xcconfig"; path = "Target Support Files/Pods-SaveMoney/Pods-SaveMoney.release.xcconfig"; sourceTree = "<group>"; };
		443C4A33226F634000E825D3 /* SaveMoney.app */ = {isa = PBXFileReference; explicitFileType = wrapper.application; includeInIndex = 0; path = SaveMoney.app; sourceTree = BUILT_PRODUCTS_DIR; };
		443C4A36226F634000E825D3 /* AppDelegate.swift */ = {isa = PBXFileReference; lastKnownFileType = sourcecode.swift; path = AppDelegate.swift; sourceTree = "<group>"; };
		443C4A38226F634000E825D3 /* ExpenditureViewController.swift */ = {isa = PBXFileReference; lastKnownFileType = sourcecode.swift; path = ExpenditureViewController.swift; sourceTree = "<group>"; };
		443C4A3B226F634000E825D3 /* Base */ = {isa = PBXFileReference; lastKnownFileType = file.storyboard; name = Base; path = Base.lproj/Main.storyboard; sourceTree = "<group>"; };
		443C4A3D226F634200E825D3 /* Assets.xcassets */ = {isa = PBXFileReference; lastKnownFileType = folder.assetcatalog; path = Assets.xcassets; sourceTree = "<group>"; };
		443C4A40226F634200E825D3 /* Base */ = {isa = PBXFileReference; lastKnownFileType = file.storyboard; name = Base; path = Base.lproj/LaunchScreen.storyboard; sourceTree = "<group>"; };
		443C4A42226F634200E825D3 /* Info.plist */ = {isa = PBXFileReference; lastKnownFileType = text.plist.xml; path = Info.plist; sourceTree = "<group>"; };
		443C4A4F226F644500E825D3 /* AddExpenditureViewController.swift */ = {isa = PBXFileReference; lastKnownFileType = sourcecode.swift; path = AddExpenditureViewController.swift; sourceTree = "<group>"; };
		443C4A51226F645700E825D3 /* IncomeViewController.swift */ = {isa = PBXFileReference; lastKnownFileType = sourcecode.swift; path = IncomeViewController.swift; sourceTree = "<group>"; };
		443C4A53226F646700E825D3 /* AddIncomeViewController.swift */ = {isa = PBXFileReference; lastKnownFileType = sourcecode.swift; path = AddIncomeViewController.swift; sourceTree = "<group>"; };
		443C4A55226F648400E825D3 /* StatisticsViewController.swift */ = {isa = PBXFileReference; lastKnownFileType = sourcecode.swift; path = StatisticsViewController.swift; sourceTree = "<group>"; };
		443C4A57226F649100E825D3 /* Expenditure.swift */ = {isa = PBXFileReference; lastKnownFileType = sourcecode.swift; path = Expenditure.swift; sourceTree = "<group>"; };
		443C4A5922700A2F00E825D3 /* EditExpenditureViewController.swift */ = {isa = PBXFileReference; lastKnownFileType = sourcecode.swift; path = EditExpenditureViewController.swift; sourceTree = "<group>"; };
		447D67E22272B01A00DBCBB9 /* Income.swift */ = {isa = PBXFileReference; lastKnownFileType = sourcecode.swift; path = Income.swift; sourceTree = "<group>"; };
		447D67E42272B04600DBCBB9 /* EditIncomeViewController.swift */ = {isa = PBXFileReference; lastKnownFileType = sourcecode.swift; path = EditIncomeViewController.swift; sourceTree = "<group>"; };
		533888948059A73077F8B8C7 /* Pods_SaveMoney.framework */ = {isa = PBXFileReference; explicitFileType = wrapper.framework; includeInIndex = 0; path = Pods_SaveMoney.framework; sourceTree = BUILT_PRODUCTS_DIR; };
		B326554D1EF45A3401051853 /* Pods-SaveMoney.debug.xcconfig */ = {isa = PBXFileReference; includeInIndex = 1; lastKnownFileType = text.xcconfig; name = "Pods-SaveMoney.debug.xcconfig"; path = "Target Support Files/Pods-SaveMoney/Pods-SaveMoney.debug.xcconfig"; sourceTree = "<group>"; };
/* End PBXFileReference section */

/* Begin PBXFrameworksBuildPhase section */
		443C4A30226F634000E825D3 /* Frameworks */ = {
			isa = PBXFrameworksBuildPhase;
			buildActionMask = 2147483647;
			files = (
				12C3F11B6D95083E8DFF827B /* Pods_SaveMoney.framework in Frameworks */,
			);
			runOnlyForDeploymentPostprocessing = 0;
		};
/* End PBXFrameworksBuildPhase section */

/* Begin PBXGroup section */
		443C4A2A226F634000E825D3 = {
			isa = PBXGroup;
			children = (
				443C4A35226F634000E825D3 /* SaveMoney */,
				443C4A34226F634000E825D3 /* Products */,
				64A3DBD21C7104CD17C27672 /* Pods */,
				DC372922A4CF2039165A11CD /* Frameworks */,
			);
			sourceTree = "<group>";
		};
		443C4A34226F634000E825D3 /* Products */ = {
			isa = PBXGroup;
			children = (
				443C4A33226F634000E825D3 /* SaveMoney.app */,
			);
			name = Products;
			sourceTree = "<group>";
		};
		443C4A35226F634000E825D3 /* SaveMoney */ = {
			isa = PBXGroup;
			children = (
				443C4A36226F634000E825D3 /* AppDelegate.swift */,
				443C4A48226F635800E825D3 /* Model */,
				443C4A4B226F63A000E825D3 /* Views */,
				443C4A4A226F636B00E825D3 /* Controllers */,
				443C4A4C226F63B600E825D3 /* Supporting Files */,
				443C4A42226F634200E825D3 /* Info.plist */,
			);
			path = SaveMoney;
			sourceTree = "<group>";
		};
		443C4A48226F635800E825D3 /* Model */ = {
			isa = PBXGroup;
			children = (
				443C4A57226F649100E825D3 /* Expenditure.swift */,
				447D67E22272B01A00DBCBB9 /* Income.swift */,
			);
			path = Model;
			sourceTree = "<group>";
		};
		443C4A4A226F636B00E825D3 /* Controllers */ = {
			isa = PBXGroup;
			children = (
				443C4A38226F634000E825D3 /* ExpenditureViewController.swift */,
				443C4A4F226F644500E825D3 /* AddExpenditureViewController.swift */,
				443C4A5922700A2F00E825D3 /* EditExpenditureViewController.swift */,
				443C4A51226F645700E825D3 /* IncomeViewController.swift */,
				443C4A53226F646700E825D3 /* AddIncomeViewController.swift */,
				447D67E42272B04600DBCBB9 /* EditIncomeViewController.swift */,
				443C4A55226F648400E825D3 /* StatisticsViewController.swift */,
			);
			path = Controllers;
			sourceTree = "<group>";
		};
		443C4A4B226F63A000E825D3 /* Views */ = {
			isa = PBXGroup;
			children = (
				443C4A3A226F634000E825D3 /* Main.storyboard */,
			);
			path = Views;
			sourceTree = "<group>";
		};
		443C4A4C226F63B600E825D3 /* Supporting Files */ = {
			isa = PBXGroup;
			children = (
				443C4A3D226F634200E825D3 /* Assets.xcassets */,
				443C4A3F226F634200E825D3 /* LaunchScreen.storyboard */,
			);
			path = "Supporting Files";
			sourceTree = "<group>";
		};
		64A3DBD21C7104CD17C27672 /* Pods */ = {
			isa = PBXGroup;
			children = (
				B326554D1EF45A3401051853 /* Pods-SaveMoney.debug.xcconfig */,
				00F0143109C199A26CD3033F /* Pods-SaveMoney.release.xcconfig */,
			);
			path = Pods;
			sourceTree = "<group>";
		};
		DC372922A4CF2039165A11CD /* Frameworks */ = {
			isa = PBXGroup;
			children = (
				533888948059A73077F8B8C7 /* Pods_SaveMoney.framework */,
			);
			name = Frameworks;
			sourceTree = "<group>";
		};
/* End PBXGroup section */

/* Begin PBXNativeTarget section */
		443C4A32226F634000E825D3 /* SaveMoney */ = {
			isa = PBXNativeTarget;
			buildConfigurationList = 443C4A45226F634200E825D3 /* Build configuration list for PBXNativeTarget "SaveMoney" */;
			buildPhases = (
				C8C99448D66E40D5DE0D9E03 /* [CP] Check Pods Manifest.lock */,
				443C4A2F226F634000E825D3 /* Sources */,
				443C4A30226F634000E825D3 /* Frameworks */,
				443C4A31226F634000E825D3 /* Resources */,
				8E2BC4278782D93C6A3B7BD0 /* [CP] Embed Pods Frameworks */,
			);
			buildRules = (
			);
			dependencies = (
			);
			name = SaveMoney;
			productName = SaveMoney;
			productReference = 443C4A33226F634000E825D3 /* SaveMoney.app */;
			productType = "com.apple.product-type.application";
		};
/* End PBXNativeTarget section */

/* Begin PBXProject section */
		443C4A2B226F634000E825D3 /* Project object */ = {
			isa = PBXProject;
			attributes = {
				LastSwiftUpdateCheck = 1020;
				LastUpgradeCheck = 1020;
				ORGANIZATIONNAME = TerryLee;
				TargetAttributes = {
					443C4A32226F634000E825D3 = {
						CreatedOnToolsVersion = 10.2.1;
					};
				};
			};
			buildConfigurationList = 443C4A2E226F634000E825D3 /* Build configuration list for PBXProject "SaveMoney" */;
			compatibilityVersion = "Xcode 9.3";
			developmentRegion = en;
			hasScannedForEncodings = 0;
			knownRegions = (
				en,
				Base,
			);
			mainGroup = 443C4A2A226F634000E825D3;
			productRefGroup = 443C4A34226F634000E825D3 /* Products */;
			projectDirPath = "";
			projectRoot = "";
			targets = (
				443C4A32226F634000E825D3 /* SaveMoney */,
			);
		};
/* End PBXProject section */

/* Begin PBXResourcesBuildPhase section */
		443C4A31226F634000E825D3 /* Resources */ = {
			isa = PBXResourcesBuildPhase;
			buildActionMask = 2147483647;
			files = (
				443C4A41226F634200E825D3 /* LaunchScreen.storyboard in Resources */,
				443C4A3E226F634200E825D3 /* Assets.xcassets in Resources */,
				443C4A3C226F634000E825D3 /* Main.storyboard in Resources */,
			);
			runOnlyForDeploymentPostprocessing = 0;
		};
/* End PBXResourcesBuildPhase section */

/* Begin PBXShellScriptBuildPhase section */
		8E2BC4278782D93C6A3B7BD0 /* [CP] Embed Pods Frameworks */ = {
			isa = PBXShellScriptBuildPhase;
			buildActionMask = 2147483647;
			files = (
			);
			inputFileListPaths = (
			);
			inputPaths = (
				"${PODS_ROOT}/Target Support Files/Pods-SaveMoney/Pods-SaveMoney-frameworks.sh",
				"${BUILT_PRODUCTS_DIR}/IGLDropDownMenu/IGLDropDownMenu.framework",
			);
			name = "[CP] Embed Pods Frameworks";
			outputFileListPaths = (
			);
			outputPaths = (
				"${TARGET_BUILD_DIR}/${FRAMEWORKS_FOLDER_PATH}/IGLDropDownMenu.framework",
			);
			runOnlyForDeploymentPostprocessing = 0;
			shellPath = /bin/sh;
			shellScript = "\"${PODS_ROOT}/Target Support Files/Pods-SaveMoney/Pods-SaveMoney-frameworks.sh\"\n";
			showEnvVarsInLog = 0;
		};
		C8C99448D66E40D5DE0D9E03 /* [CP] Check Pods Manifest.lock */ = {
			isa = PBXShellScriptBuildPhase;
			buildActionMask = 2147483647;
			files = (
			);
			inputFileListPaths = (
			);
			inputPaths = (
				"${PODS_PODFILE_DIR_PATH}/Podfile.lock",
				"${PODS_ROOT}/Manifest.lock",
			);
			name = "[CP] Check Pods Manifest.lock";
			outputFileListPaths = (
			);
			outputPaths = (
				"$(DERIVED_FILE_DIR)/Pods-SaveMoney-checkManifestLockResult.txt",
			);
			runOnlyForDeploymentPostprocessing = 0;
			shellPath = /bin/sh;
			shellScript = "diff \"${PODS_PODFILE_DIR_PATH}/Podfile.lock\" \"${PODS_ROOT}/Manifest.lock\" > /dev/null\nif [ $? != 0 ] ; then\n    # print error to STDERR\n    echo \"error: The sandbox is not in sync with the Podfile.lock. Run 'pod install' or update your CocoaPods installation.\" >&2\n    exit 1\nfi\n# This output is used by Xcode 'outputs' to avoid re-running this script phase.\necho \"SUCCESS\" > \"${SCRIPT_OUTPUT_FILE_0}\"\n";
			showEnvVarsInLog = 0;
		};
/* End PBXShellScriptBuildPhase section */

/* Begin PBXSourcesBuildPhase section */
		443C4A2F226F634000E825D3 /* Sources */ = {
			isa = PBXSourcesBuildPhase;
			buildActionMask = 2147483647;
			files = (
				443C4A39226F634000E825D3 /* ExpenditureViewController.swift in Sources */,
				443C4A50226F644500E825D3 /* AddExpenditureViewController.swift in Sources */,
				443C4A5A22700A2F00E825D3 /* EditExpenditureViewController.swift in Sources */,
				443C4A54226F646700E825D3 /* AddIncomeViewController.swift in Sources */,
				447D67E32272B01A00DBCBB9 /* Income.swift in Sources */,
				443C4A56226F648400E825D3 /* StatisticsViewController.swift in Sources */,
				443C4A58226F649100E825D3 /* Expenditure.swift in Sources */,
				447D67E52272B04600DBCBB9 /* EditIncomeViewController.swift in Sources */,
				443C4A37226F634000E825D3 /* AppDelegate.swift in Sources */,
				443C4A52226F645700E825D3 /* IncomeViewController.swift in Sources */,
			);
			runOnlyForDeploymentPostprocessing = 0;
		};
/* End PBXSourcesBuildPhase section */

/* Begin PBXVariantGroup section */
		443C4A3A226F634000E825D3 /* Main.storyboard */ = {
			isa = PBXVariantGroup;
			children = (
				443C4A3B226F634000E825D3 /* Base */,
			);
			name = Main.storyboard;
			sourceTree = "<group>";
		};
		443C4A3F226F634200E825D3 /* LaunchScreen.storyboard */ = {
			isa = PBXVariantGroup;
			children = (
				443C4A40226F634200E825D3 /* Base */,
			);
			name = LaunchScreen.storyboard;
			sourceTree = "<group>";
		};
/* End PBXVariantGroup section */

/* Begin XCBuildConfiguration section */
		443C4A43226F634200E825D3 /* Debug */ = {
			isa = XCBuildConfiguration;
			buildSettings = {
				ALWAYS_SEARCH_USER_PATHS = NO;
				CLANG_ANALYZER_NONNULL = YES;
				CLANG_ANALYZER_NUMBER_OBJECT_CONVERSION = YES_AGGRESSIVE;
				CLANG_CXX_LANGUAGE_STANDARD = "gnu++14";
				CLANG_CXX_LIBRARY = "libc++";
				CLANG_ENABLE_MODULES = YES;
				CLANG_ENABLE_OBJC_ARC = YES;
				CLANG_ENABLE_OBJC_WEAK = YES;
				CLANG_WARN_BLOCK_CAPTURE_AUTORELEASING = YES;
				CLANG_WARN_BOOL_CONVERSION = YES;
				CLANG_WARN_COMMA = YES;
				CLANG_WARN_CONSTANT_CONVERSION = YES;
				CLANG_WARN_DEPRECATED_OBJC_IMPLEMENTATIONS = YES;
				CLANG_WARN_DIRECT_OBJC_ISA_USAGE = YES_ERROR;
				CLANG_WARN_DOCUMENTATION_COMMENTS = YES;
				CLANG_WARN_EMPTY_BODY = YES;
				CLANG_WARN_ENUM_CONVERSION = YES;
				CLANG_WARN_INFINITE_RECURSION = YES;
				CLANG_WARN_INT_CONVERSION = YES;
				CLANG_WARN_NON_LITERAL_NULL_CONVERSION = YES;
				CLANG_WARN_OBJC_IMPLICIT_RETAIN_SELF = YES;
				CLANG_WARN_OBJC_LITERAL_CONVERSION = YES;
				CLANG_WARN_OBJC_ROOT_CLASS = YES_ERROR;
				CLANG_WARN_RANGE_LOOP_ANALYSIS = YES;
				CLANG_WARN_STRICT_PROTOTYPES = YES;
				CLANG_WARN_SUSPICIOUS_MOVE = YES;
				CLANG_WARN_UNGUARDED_AVAILABILITY = YES_AGGRESSIVE;
				CLANG_WARN_UNREACHABLE_CODE = YES;
				CLANG_WARN__DUPLICATE_METHOD_MATCH = YES;
				CODE_SIGN_IDENTITY = "iPhone Developer";
				COPY_PHASE_STRIP = NO;
				DEBUG_INFORMATION_FORMAT = dwarf;
				ENABLE_STRICT_OBJC_MSGSEND = YES;
				ENABLE_TESTABILITY = YES;
				GCC_C_LANGUAGE_STANDARD = gnu11;
				GCC_DYNAMIC_NO_PIC = NO;
				GCC_NO_COMMON_BLOCKS = YES;
				GCC_OPTIMIZATION_LEVEL = 0;
				GCC_PREPROCESSOR_DEFINITIONS = (
					"DEBUG=1",
					"$(inherited)",
				);
				GCC_WARN_64_TO_32_BIT_CONVERSION = YES;
				GCC_WARN_ABOUT_RETURN_TYPE = YES_ERROR;
				GCC_WARN_UNDECLARED_SELECTOR = YES;
				GCC_WARN_UNINITIALIZED_AUTOS = YES_AGGRESSIVE;
				GCC_WARN_UNUSED_FUNCTION = YES;
				GCC_WARN_UNUSED_VARIABLE = YES;
				IPHONEOS_DEPLOYMENT_TARGET = 12.2;
				MTL_ENABLE_DEBUG_INFO = INCLUDE_SOURCE;
				MTL_FAST_MATH = YES;
				ONLY_ACTIVE_ARCH = YES;
				SDKROOT = iphoneos;
				SWIFT_ACTIVE_COMPILATION_CONDITIONS = DEBUG;
				SWIFT_OPTIMIZATION_LEVEL = "-Onone";
			};
			name = Debug;
		};
		443C4A44226F634200E825D3 /* Release */ = {
			isa = XCBuildConfiguration;
			buildSettings = {
				ALWAYS_SEARCH_USER_PATHS = NO;
				CLANG_ANALYZER_NONNULL = YES;
				CLANG_ANALYZER_NUMBER_OBJECT_CONVERSION = YES_AGGRESSIVE;
				CLANG_CXX_LANGUAGE_STANDARD = "gnu++14";
				CLANG_CXX_LIBRARY = "libc++";
				CLANG_ENABLE_MODULES = YES;
				CLANG_ENABLE_OBJC_ARC = YES;
				CLANG_ENABLE_OBJC_WEAK = YES;
				CLANG_WARN_BLOCK_CAPTURE_AUTORELEASING = YES;
				CLANG_WARN_BOOL_CONVERSION = YES;
				CLANG_WARN_COMMA = YES;
				CLANG_WARN_CONSTANT_CONVERSION = YES;
				CLANG_WARN_DEPRECATED_OBJC_IMPLEMENTATIONS = YES;
				CLANG_WARN_DIRECT_OBJC_ISA_USAGE = YES_ERROR;
				CLANG_WARN_DOCUMENTATION_COMMENTS = YES;
				CLANG_WARN_EMPTY_BODY = YES;
				CLANG_WARN_ENUM_CONVERSION = YES;
				CLANG_WARN_INFINITE_RECURSION = YES;
				CLANG_WARN_INT_CONVERSION = YES;
				CLANG_WARN_NON_LITERAL_NULL_CONVERSION = YES;
				CLANG_WARN_OBJC_IMPLICIT_RETAIN_SELF = YES;
				CLANG_WARN_OBJC_LITERAL_CONVERSION = YES;
				CLANG_WARN_OBJC_ROOT_CLASS = YES_ERROR;
				CLANG_WARN_RANGE_LOOP_ANALYSIS = YES;
				CLANG_WARN_STRICT_PROTOTYPES = YES;
				CLANG_WARN_SUSPICIOUS_MOVE = YES;
				CLANG_WARN_UNGUARDED_AVAILABILITY = YES_AGGRESSIVE;
				CLANG_WARN_UNREACHABLE_CODE = YES;
				CLANG_WARN__DUPLICATE_METHOD_MATCH = YES;
				CODE_SIGN_IDENTITY = "iPhone Developer";
				COPY_PHASE_STRIP = NO;
				DEBUG_INFORMATION_FORMAT = "dwarf-with-dsym";
				ENABLE_NS_ASSERTIONS = NO;
				ENABLE_STRICT_OBJC_MSGSEND = YES;
				GCC_C_LANGUAGE_STANDARD = gnu11;
				GCC_NO_COMMON_BLOCKS = YES;
				GCC_WARN_64_TO_32_BIT_CONVERSION = YES;
				GCC_WARN_ABOUT_RETURN_TYPE = YES_ERROR;
				GCC_WARN_UNDECLARED_SELECTOR = YES;
				GCC_WARN_UNINITIALIZED_AUTOS = YES_AGGRESSIVE;
				GCC_WARN_UNUSED_FUNCTION = YES;
				GCC_WARN_UNUSED_VARIABLE = YES;
				IPHONEOS_DEPLOYMENT_TARGET = 12.2;
				MTL_ENABLE_DEBUG_INFO = NO;
				MTL_FAST_MATH = YES;
				SDKROOT = iphoneos;
				SWIFT_COMPILATION_MODE = wholemodule;
				SWIFT_OPTIMIZATION_LEVEL = "-O";
				VALIDATE_PRODUCT = YES;
			};
			name = Release;
		};
		443C4A46226F634200E825D3 /* Debug */ = {
			isa = XCBuildConfiguration;
			baseConfigurationReference = B326554D1EF45A3401051853 /* Pods-SaveMoney.debug.xcconfig */;
			buildSettings = {
				ASSETCATALOG_COMPILER_APPICON_NAME = AppIcon;
				CODE_SIGN_STYLE = Automatic;
				DEVELOPMENT_TEAM = XVB2JZ6L9X;
				INFOPLIST_FILE = SaveMoney/Info.plist;
				LD_RUNPATH_SEARCH_PATHS = (
					"$(inherited)",
					"@executable_path/Frameworks",
				);
				PRODUCT_BUNDLE_IDENTIFIER = com.TerryLee.SaveMoney;
				PRODUCT_NAME = "$(TARGET_NAME)";
				SWIFT_VERSION = 5.0;
				TARGETED_DEVICE_FAMILY = "1,2";
			};
			name = Debug;
		};
		443C4A47226F634200E825D3 /* Release */ = {
			isa = XCBuildConfiguration;
			baseConfigurationReference = 00F0143109C199A26CD3033F /* Pods-SaveMoney.release.xcconfig */;
			buildSettings = {
				ASSETCATALOG_COMPILER_APPICON_NAME = AppIcon;
				CODE_SIGN_STYLE = Automatic;
				DEVELOPMENT_TEAM = XVB2JZ6L9X;
				INFOPLIST_FILE = SaveMoney/Info.plist;
				LD_RUNPATH_SEARCH_PATHS = (
					"$(inherited)",
					"@executable_path/Frameworks",
				);
				PRODUCT_BUNDLE_IDENTIFIER = com.TerryLee.SaveMoney;
				PRODUCT_NAME = "$(TARGET_NAME)";
				SWIFT_VERSION = 5.0;
				TARGETED_DEVICE_FAMILY = "1,2";
			};
			name = Release;
		};
/* End XCBuildConfiguration section */

/* Begin XCConfigurationList section */
		443C4A2E226F634000E825D3 /* Build configuration list for PBXProject "SaveMoney" */ = {
			isa = XCConfigurationList;
			buildConfigurations = (
				443C4A43226F634200E825D3 /* Debug */,
				443C4A44226F634200E825D3 /* Release */,
			);
			defaultConfigurationIsVisible = 0;
			defaultConfigurationName = Release;
		};
		443C4A45226F634200E825D3 /* Build configuration list for PBXNativeTarget "SaveMoney" */ = {
			isa = XCConfigurationList;
			buildConfigurations = (
				443C4A46226F634200E825D3 /* Debug */,
				443C4A47226F634200E825D3 /* Release */,
			);
			defaultConfigurationIsVisible = 0;
			defaultConfigurationName = Release;
		};
/* End XCConfigurationList section */
	};
	rootObject = 443C4A2B226F634000E825D3 /* Project object */;
}
